
Microsoft Visual Studio Solution File, Format Version 12.00
# Visual Studio Version 17
VisualStudioVersion = 17.10.35027.167
MinimumVisualStudioVersion = 10.0.40219.1
Project("{FAE04EC0-301F-11D3-BF4B-00C04F79EFBC}") = "ResponseCompression.WebAPI", "ResponseCompression.WebAPI.csproj", "{01A14816-1F25-4FB8-940D-3469C692BF0A}"
EndProject
Global
	GlobalSection(SolutionConfigurationPlatforms) = preSolution
		Debug|Any CPU = Debug|Any CPU
		Release|Any CPU = Release|Any CPU
	EndGlobalSection
	GlobalSection(ProjectConfigurationPlatforms) = postSolution
		{01A14816-1F25-4FB8-940D-3469C692BF0A}.Debug|Any CPU.ActiveCfg = Debug|Any CPU
		{01A14816-1F25-4FB8-940D-3469C692BF0A}.Debug|Any CPU.Build.0 = Debug|Any CPU
		{01A14816-1F25-4FB8-940D-3469C692BF0A}.Release|Any CPU.ActiveCfg = Release|Any CPU
		{01A14816-1F25-4FB8-940D-3469C692BF0A}.Release|Any CPU.Build.0 = Release|Any CPU
	EndGlobalSection
	GlobalSection(SolutionProperties) = preSolution
		HideSolutionNode = FALSE
	EndGlobalSection
	GlobalSection(ExtensibilityGlobals) = postSolution
		SolutionGuid = {D9B6F302-9BBB-48C5-9BA1-2996B0D00F92}
	EndGlobalSection
EndGlobal
